# This file is automatically @generated by Cargo.
# It is not intended for manual editing.
version = 4

[[package]]
name = "disttopo"
version = "0.1.0"
dependencies = [
 "fletcher",
]

[[package]]
name = "fletcher"
version = "1.0.0"
source = "registry+https://github.com/rust-lang/crates.io-index"
checksum = "5719d51e274cd028cfbffd74caff6980fe084c9939ed62b782cc3b15b4d7cb5a"
